# @generated - this file is auto-generated by `mise lock` https://mise.en.dev/dev-tools/mise-lock.html

[[tools.actionlint]]
version = "1.7.12"
backend = "aqua:rhysd/actionlint"

[[tools.gh]]
version = "2.93.0"
backend = "aqua:cli/cli"

[[tools.git-cliff]]
version = "2.13.1"
backend = "aqua:orhun/git-cliff"

[[tools.go]]
version = "1.26.3"
backend = "core:go"

[[tools."go:go.uber.org/mock/mockgen"]]
version = "0.6.0"
backend = "go:go.uber.org/mock/mockgen"

[[tools.golangci-lint]]
version = "2.12.2"
backend = "aqua:golangci/golangci-lint"

[[tools.gotestsum]]
version = "1.13.0"
backend = "aqua:gotestyourself/gotestsum"

[[tools.prettier]]
version = "3.8.3"
backend = "npm:prettier"
